
Microsoft Visual Studio Solution File, Format Version 12.00
# Visual Studio Version 17
VisualStudioVersion = 17.11.35327.3
MinimumVisualStudioVersion = 10.0.40219.1
Project("{FAE04EC0-301F-11D3-BF4B-00C04F79EFBC}") = "Uppgift3-MolnUtveckling", "Uppgift3-MolnUtveckling\Uppgift3-MolnUtveckling\Uppgift3-MolnUtveckling.csproj", "{00B4AB71-F671-475F-BF91-405B9D78A361}"
EndProject
Project("{FAE04EC0-301F-11D3-BF4B-00C04F79EFBC}") = "Uppgift3-MolnUtveckling.Client", "Uppgift3-MolnUtveckling\Uppgift3-MolnUtveckling.Client\Uppgift3-MolnUtveckling.Client.csproj", "{82056E2A-A252-45DF-8810-0CD414DCE542}"
EndProject
Global
	GlobalSection(SolutionConfigurationPlatforms) = preSolution
		Debug|Any CPU = Debug|Any CPU
		Release|Any CPU = Release|Any CPU
	EndGlobalSection
	GlobalSection(ProjectConfigurationPlatforms) = postSolution
		{00B4AB71-F671-475F-BF91-405B9D78A361}.Debug|Any CPU.ActiveCfg = Debug|Any CPU
		{00B4AB71-F671-475F-BF91-405B9D78A361}.Debug|Any CPU.Build.0 = Debug|Any CPU
		{00B4AB71-F671-475F-BF91-405B9D78A361}.Release|Any CPU.ActiveCfg = Release|Any CPU
		{00B4AB71-F671-475F-BF91-405B9D78A361}.Release|Any CPU.Build.0 = Release|Any CPU
		{82056E2A-A252-45DF-8810-0CD414DCE542}.Debug|Any CPU.ActiveCfg = Debug|Any CPU
		{82056E2A-A252-45DF-8810-0CD414DCE542}.Debug|Any CPU.Build.0 = Debug|Any CPU
		{82056E2A-A252-45DF-8810-0CD414DCE542}.Release|Any CPU.ActiveCfg = Release|Any CPU
		{82056E2A-A252-45DF-8810-0CD414DCE542}.Release|Any CPU.Build.0 = Release|Any CPU
	EndGlobalSection
	GlobalSection(SolutionProperties) = preSolution
		HideSolutionNode = FALSE
	EndGlobalSection
	GlobalSection(ExtensibilityGlobals) = postSolution
		SolutionGuid = {D858A33D-AB58-47DF-8317-F4041AB11A00}
	EndGlobalSection
EndGlobal
